// !$*UTF8*$!
{
	archiveVersion = 1;
	classes = {
	};
	objectVersion = 46;
	objects = {

/* Begin PBXBuildFile section */
		4840A45F1F3D2D220078D893 /* AppDelegate.swift in Sources */ = {isa = PBXBuildFile; fileRef = 4840A45E1F3D2D220078D893 /* AppDelegate.swift */; };
		4840A4611F3D2D220078D893 /* ViewController.swift in Sources */ = {isa = PBXBuildFile; fileRef = 4840A4601F3D2D220078D893 /* ViewController.swift */; };
		4840A4641F3D2D220078D893 /* Main.storyboard in Resources */ = {isa = PBXBuildFile; fileRef = 4840A4621F3D2D220078D893 /* Main.storyboard */; };
		4840A4661F3D2D220078D893 /* Assets.xcassets in Resources */ = {isa = PBXBuildFile; fileRef = 4840A4651F3D2D220078D893 /* Assets.xcassets */; };
		4840A4691F3D2D220078D893 /* LaunchScreen.storyboard in Resources */ = {isa = PBXBuildFile; fileRef = 4840A4671F3D2D220078D893 /* LaunchScreen.storyboard */; };
		4840A4741F3D2D230078D893 /* TipperTests.swift in Sources */ = {isa = PBXBuildFile; fileRef = 4840A4731F3D2D230078D893 /* TipperTests.swift */; };
		4840A47F1F3D2D230078D893 /* TipperUITests.swift in Sources */ = {isa = PBXBuildFile; fileRef = 4840A47E1F3D2D230078D893 /* TipperUITests.swift */; };
		4840A48D1F3D3A970078D893 /* SettingsViewController.swift in Sources */ = {isa = PBXBuildFile; fileRef = 4840A48C1F3D3A970078D893 /* SettingsViewController.swift */; };
/* End PBXBuildFile section */

/* Begin PBXContainerItemProxy section */
		4840A4701F3D2D230078D893 /* PBXContainerItemProxy */ = {
			isa = PBXContainerItemProxy;
			containerPortal = 4840A4531F3D2D220078D893 /* Project object */;
			proxyType = 1;
			remoteGlobalIDString = 4840A45A1F3D2D220078D893;
			remoteInfo = Tipper;
		};
		4840A47B1F3D2D230078D893 /* PBXContainerItemProxy */ = {
			isa = PBXContainerItemProxy;
			containerPortal = 4840A4531F3D2D220078D893 /* Project object */;
			proxyType = 1;
			remoteGlobalIDString = 4840A45A1F3D2D220078D893;
			remoteInfo = Tipper;
		};
/* End PBXContainerItemProxy section */

/* Begin PBXFileReference section */
		4840A45B1F3D2D220078D893 /* Tipper.app */ = {isa = PBXFileReference; explicitFileType = wrapper.application; includeInIndex = 0; path = Tipper.app; sourceTree = BUILT_PRODUCTS_DIR; };
		4840A45E1F3D2D220078D893 /* AppDelegate.swift */ = {isa = PBXFileReference; lastKnownFileType = sourcecode.swift; path = AppDelegate.swift; sourceTree = "<group>"; };
		4840A4601F3D2D220078D893 /* ViewController.swift */ = {isa = PBXFileReference; lastKnownFileType = sourcecode.swift; path = ViewController.swift; sourceTree = "<group>"; };
		4840A4631F3D2D220078D893 /* Base */ = {isa = PBXFileReference; lastKnownFileType = file.storyboard; name = Base; path = Base.lproj/Main.storyboard; sourceTree = "<group>"; };
		4840A4651F3D2D220078D893 /* Assets.xcassets */ = {isa = PBXFileReference; lastKnownFileType = folder.assetcatalog; path = Assets.xcassets; sourceTree = "<group>"; };
		4840A4681F3D2D220078D893 /* Base */ = {isa = PBXFileReference; lastKnownFileType = file.storyboard; name = Base; path = Base.lproj/LaunchScreen.storyboard; sourceTree = "<group>"; };
		4840A46A1F3D2D220078D893 /* Info.plist */ = {isa = PBXFileReference; lastKnownFileType = text.plist.xml; path = Info.plist; sourceTree = "<group>"; };
		4840A46F1F3D2D230078D893 /* TipperTests.xctest */ = {isa = PBXFileReference; explicitFileType = wrapper.cfbundle; includeInIndex = 0; path = TipperTests.xctest; sourceTree = BUILT_PRODUCTS_DIR; };
		4840A4731F3D2D230078D893 /* TipperTests.swift */ = {isa = PBXFileReference; lastKnownFileType = sourcecode.swift; path = TipperTests.swift; sourceTree = "<group>"; };
		4840A4751F3D2D230078D893 /* Info.plist */ = {isa = PBXFileReference; lastKnownFileType = text.plist.xml; path = Info.plist; sourceTree = "<group>"; };
		4840A47A1F3D2D230078D893 /* TipperUITests.xctest */ = {isa = PBXFileReference; explicitFileType = wrapper.cfbundle; includeInIndex = 0; path = TipperUITests.xctest; sourceTree = BUILT_PRODUCTS_DIR; };
		4840A47E1F3D2D230078D893 /* TipperUITests.swift */ = {isa = PBXFileReference; lastKnownFileType = sourcecode.swift; path = TipperUITests.swift; sourceTree = "<group>"; };
		4840A4801F3D2D230078D893 /* Info.plist */ = {isa = PBXFileReference; lastKnownFileType = text.plist.xml; path = Info.plist; sourceTree = "<group>"; };
		4840A48C1F3D3A970078D893 /* SettingsViewController.swift */ = {isa = PBXFileReference; fileEncoding = 4; lastKnownFileType = sourcecode.swift; path = SettingsViewController.swift; sourceTree = "<group>"; };
/* End PBXFileReference section */

/* Begin PBXFrameworksBuildPhase section */
		4840A4581F3D2D220078D893 /* Frameworks */ = {
			isa = PBXFrameworksBuildPhase;
			buildActionMask = 2147483647;
			files = (
			);
			runOnlyForDeploymentPostprocessing = 0;
		};
		4840A46C1F3D2D230078D893 /* Frameworks */ = {
			isa = PBXFrameworksBuildPhase;
			buildActionMask = 2147483647;
			files = (
			);
			runOnlyForDeploymentPostprocessing = 0;
		};
		4840A4771F3D2D230078D893 /* Frameworks */ = {
			isa = PBXFrameworksBuildPhase;
			buildActionMask = 2147483647;
			files = (
			);
			runOnlyForDeploymentPostprocessing = 0;
		};
/* End PBXFrameworksBuildPhase section */

/* Begin PBXGroup section */
		4840A4521F3D2D220078D893 = {
			isa = PBXGroup;
			children = (
				4840A48C1F3D3A970078D893 /* SettingsViewController.swift */,
				4840A45D1F3D2D220078D893 /* Tipper */,
				4840A4721F3D2D230078D893 /* TipperTests */,
				4840A47D1F3D2D230078D893 /* TipperUITests */,
				4840A45C1F3D2D220078D893 /* Products */,
			);
			sourceTree = "<group>";
		};
		4840A45C1F3D2D220078D893 /* Products */ = {
			isa = PBXGroup;
			children = (
				4840A45B1F3D2D220078D893 /* Tipper.app */,
				4840A46F1F3D2D230078D893 /* TipperTests.xctest */,
				4840A47A1F3D2D230078D893 /* TipperUITests.xctest */,
			);
			name = Products;
			sourceTree = "<group>";
		};
		4840A45D1F3D2D220078D893 /* Tipper */ = {
			isa = PBXGroup;
			children = (
				4840A45E1F3D2D220078D893 /* AppDelegate.swift */,
				4840A4601F3D2D220078D893 /* ViewController.swift */,
				4840A4621F3D2D220078D893 /* Main.storyboard */,
				4840A4651F3D2D220078D893 /* Assets.xcassets */,
				4840A4671F3D2D220078D893 /* LaunchScreen.storyboard */,
				4840A46A1F3D2D220078D893 /* Info.plist */,
			);
			path = Tipper;
			sourceTree = "<group>";
		};
		4840A4721F3D2D230078D893 /* TipperTests */ = {
			isa = PBXGroup;
			children = (
				4840A4731F3D2D230078D893 /* TipperTests.swift */,
				4840A4751F3D2D230078D893 /* Info.plist */,
			);
			path = TipperTests;
			sourceTree = "<group>";
		};
		4840A47D1F3D2D230078D893 /* TipperUITests */ = {
			isa = PBXGroup;
			children = (
				4840A47E1F3D2D230078D893 /* TipperUITests.swift */,
				4840A4801F3D2D230078D893 /* Info.plist */,
			);
			path = TipperUITests;
			sourceTree = "<group>";
		};
/* End PBXGroup section */

/* Begin PBXNativeTarget section */
		4840A45A1F3D2D220078D893 /* Tipper */ = {
			isa = PBXNativeTarget;
			buildConfigurationList = 4840A4831F3D2D230078D893 /* Build configuration list for PBXNativeTarget "Tipper" */;
			buildPhases = (
				4840A4571F3D2D220078D893 /* Sources */,
				4840A4581F3D2D220078D893 /* Frameworks */,
				4840A4591F3D2D220078D893 /* Resources */,
			);
			buildRules = (
			);
			dependencies = (
			);
			name = Tipper;
			productName = Tipper;
			productReference = 4840A45B1F3D2D220078D893 /* Tipper.app */;
			productType = "com.apple.product-type.application";
		};
		4840A46E1F3D2D230078D893 /* TipperTests */ = {
			isa = PBXNativeTarget;
			buildConfigurationList = 4840A4861F3D2D230078D893 /* Build configuration list for PBXNativeTarget "TipperTests" */;
			buildPhases = (
				4840A46B1F3D2D230078D893 /* Sources */,
				4840A46C1F3D2D230078D893 /* Frameworks */,
				4840A46D1F3D2D230078D893 /* Resources */,
			);
			buildRules = (
			);
			dependencies = (
				4840A4711F3D2D230078D893 /* PBXTargetDependency */,
			);
			name = TipperTests;
			productName = TipperTests;
			productReference = 4840A46F1F3D2D230078D893 /* TipperTests.xctest */;
			productType = "com.apple.product-type.bundle.unit-test";
		};
		4840A4791F3D2D230078D893 /* TipperUITests */ = {
			isa = PBXNativeTarget;
			buildConfigurationList = 4840A4891F3D2D230078D893 /* Build configuration list for PBXNativeTarget "TipperUITests" */;
			buildPhases = (
				4840A4761F3D2D230078D893 /* Sources */,
				4840A4771F3D2D230078D893 /* Frameworks */,
				4840A4781F3D2D230078D893 /* Resources */,
			);
			buildRules = (
			);
			dependencies = (
				4840A47C1F3D2D230078D893 /* PBXTargetDependency */,
			);
			name = TipperUITests;
			productName = TipperUITests;
			productReference = 4840A47A1F3D2D230078D893 /* TipperUITests.xctest */;
			productType = "com.apple.product-type.bundle.ui-testing";
		};
/* End PBXNativeTarget section */

/* Begin PBXProject section */
		4840A4531F3D2D220078D893 /* Project object */ = {
			isa = PBXProject;
			attributes = {
				LastSwiftUpdateCheck = 0830;
				LastUpgradeCheck = 0830;
				ORGANIZATIONNAME = JKJK;
				TargetAttributes = {
					4840A45A1F3D2D220078D893 = {
						CreatedOnToolsVersion = 8.3.3;
						ProvisioningStyle = Automatic;
					};
					4840A46E1F3D2D230078D893 = {
						CreatedOnToolsVersion = 8.3.3;
						ProvisioningStyle = Automatic;
						TestTargetID = 4840A45A1F3D2D220078D893;
					};
					4840A4791F3D2D230078D893 = {
						CreatedOnToolsVersion = 8.3.3;
						ProvisioningStyle = Automatic;
						TestTargetID = 4840A45A1F3D2D220078D893;
					};
				};
			};
			buildConfigurationList = 4840A4561F3D2D220078D893 /* Build configuration list for PBXProject "Tipper" */;
			compatibilityVersion = "Xcode 3.2";
			developmentRegion = English;
			hasScannedForEncodings = 0;
			knownRegions = (
				en,
				Base,
			);
			mainGroup = 4840A4521F3D2D220078D893;
			productRefGroup = 4840A45C1F3D2D220078D893 /* Products */;
			projectDirPath = "";
			projectRoot = "";
			targets = (
				4840A45A1F3D2D220078D893 /* Tipper */,
				4840A46E1F3D2D230078D893 /* TipperTests */,
				4840A4791F3D2D230078D893 /* TipperUITests */,
			);
		};
/* End PBXProject section */

/* Begin PBXResourcesBuildPhase section */
		4840A4591F3D2D220078D893 /* Resources */ = {
			isa = PBXResourcesBuildPhase;
			buildActionMask = 2147483647;
			files = (
				4840A4691F3D2D220078D893 /* LaunchScreen.storyboard in Resources */,
				4840A4661F3D2D220078D893 /* Assets.xcassets in Resources */,
				4840A4641F3D2D220078D893 /* Main.storyboard in Resources */,
			);
			runOnlyForDeploymentPostprocessing = 0;
		};
		4840A46D1F3D2D230078D893 /* Resources */ = {
			isa = PBXResourcesBuildPhase;
			buildActionMask = 2147483647;
			files = (
			);
			runOnlyForDeploymentPostprocessing = 0;
		};
		4840A4781F3D2D230078D893 /* Resources */ = {
			isa = PBXResourcesBuildPhase;
			buildActionMask = 2147483647;
			files = (
			);
			runOnlyForDeploymentPostprocessing = 0;
		};
/* End PBXResourcesBuildPhase section */

/* Begin PBXSourcesBuildPhase section */
		4840A4571F3D2D220078D893 /* Sources */ = {
			isa = PBXSourcesBuildPhase;
			buildActionMask = 2147483647;
			files = (
				4840A4611F3D2D220078D893 /* ViewController.swift in Sources */,
				4840A45F1F3D2D220078D893 /* AppDelegate.swift in Sources */,
				4840A48D1F3D3A970078D893 /* SettingsViewController.swift in Sources */,
			);
			runOnlyForDeploymentPostprocessing = 0;
		};
		4840A46B1F3D2D230078D893 /* Sources */ = {
			isa = PBXSourcesBuildPhase;
			buildActionMask = 2147483647;
			files = (
				4840A4741F3D2D230078D893 /* TipperTests.swift in Sources */,
			);
			runOnlyForDeploymentPostprocessing = 0;
		};
		4840A4761F3D2D230078D893 /* Sources */ = {
			isa = PBXSourcesBuildPhase;
			buildActionMask = 2147483647;
			files = (
				4840A47F1F3D2D230078D893 /* TipperUITests.swift in Sources */,
			);
			runOnlyForDeploymentPostprocessing = 0;
		};
/* End PBXSourcesBuildPhase section */

/* Begin PBXTargetDependency section */
		4840A4711F3D2D230078D893 /* PBXTargetDependency */ = {
			isa = PBXTargetDependency;
			target = 4840A45A1F3D2D220078D893 /* Tipper */;
			targetProxy = 4840A4701F3D2D230078D893 /* PBXContainerItemProxy */;
		};
		4840A47C1F3D2D230078D893 /* PBXTargetDependency */ = {
			isa = PBXTargetDependency;
			target = 4840A45A1F3D2D220078D893 /* Tipper */;
			targetProxy = 4840A47B1F3D2D230078D893 /* PBXContainerItemProxy */;
		};
/* End PBXTargetDependency section */

/* Begin PBXVariantGroup section */
		4840A4621F3D2D220078D893 /* Main.storyboard */ = {
			isa = PBXVariantGroup;
			children = (
				4840A4631F3D2D220078D893 /* Base */,
			);
			name = Main.storyboard;
			sourceTree = "<group>";
		};
		4840A4671F3D2D220078D893 /* LaunchScreen.storyboard */ = {
			isa = PBXVariantGroup;
			children = (
				4840A4681F3D2D220078D893 /* Base */,
			);
			name = LaunchScreen.storyboard;
			sourceTree = "<group>";
		};
/* End PBXVariantGroup section */

/* Begin XCBuildConfiguration section */
		4840A4811F3D2D230078D893 /* Debug */ = {
			isa = XCBuildConfiguration;
			buildSettings = {
				ALWAYS_SEARCH_USER_PATHS = NO;
				CLANG_ANALYZER_NONNULL = YES;
				CLANG_ANALYZER_NUMBER_OBJECT_CONVERSION = YES_AGGRESSIVE;
				CLANG_CXX_LANGUAGE_STANDARD = "gnu++0x";
				CLANG_CXX_LIBRARY = "libc++";
				CLANG_ENABLE_MODULES = YES;
				CLANG_ENABLE_OBJC_ARC = YES;
				CLANG_WARN_BOOL_CONVERSION = YES;
				CLANG_WARN_CONSTANT_CONVERSION = YES;
				CLANG_WARN_DIRECT_OBJC_ISA_USAGE = YES_ERROR;
				CLANG_WARN_DOCUMENTATION_COMMENTS = YES;
				CLANG_WARN_EMPTY_BODY = YES;
				CLANG_WARN_ENUM_CONVERSION = YES;
				CLANG_WARN_INFINITE_RECURSION = YES;
				CLANG_WARN_INT_CONVERSION = YES;
				CLANG_WARN_OBJC_ROOT_CLASS = YES_ERROR;
				CLANG_WARN_SUSPICIOUS_MOVE = YES;
				CLANG_WARN_UNREACHABLE_CODE = YES;
				CLANG_WARN__DUPLICATE_METHOD_MATCH = YES;
				"CODE_SIGN_IDENTITY[sdk=iphoneos*]" = "iPhone Developer";
				COPY_PHASE_STRIP = NO;
				DEBUG_INFORMATION_FORMAT = dwarf;
				ENABLE_STRICT_OBJC_MSGSEND = YES;
				ENABLE_TESTABILITY = YES;
				GCC_C_LANGUAGE_STANDARD = gnu99;
				GCC_DYNAMIC_NO_PIC = NO;
				GCC_NO_COMMON_BLOCKS = YES;
				GCC_OPTIMIZATION_LEVEL = 0;
				GCC_PREPROCESSOR_DEFINITIONS = (
					"DEBUG=1",
					"$(inherited)",
				);
				GCC_WARN_64_TO_32_BIT_CONVERSION = YES;
				GCC_WARN_ABOUT_RETURN_TYPE = YES_ERROR;
				GCC_WARN_UNDECLARED_SELECTOR = YES;
				GCC_WARN_UNINITIALIZED_AUTOS = YES_AGGRESSIVE;
				GCC_WARN_UNUSED_FUNCTION = YES;
				GCC_WARN_UNUSED_VARIABLE = YES;
				IPHONEOS_DEPLOYMENT_TARGET = 10.3;
				MTL_ENABLE_DEBUG_INFO = YES;
				ONLY_ACTIVE_ARCH = YES;
				SDKROOT = iphoneos;
				SWIFT_ACTIVE_COMPILATION_CONDITIONS = DEBUG;
				SWIFT_OPTIMIZATION_LEVEL = "-Onone";
			};
			name = Debug;
		};
		4840A4821F3D2D230078D893 /* Release */ = {
			isa = XCBuildConfiguration;
			buildSettings = {
				ALWAYS_SEARCH_USER_PATHS = NO;
				CLANG_ANALYZER_NONNULL = YES;
				CLANG_ANALYZER_NUMBER_OBJECT_CONVERSION = YES_AGGRESSIVE;
				CLANG_CXX_LANGUAGE_STANDARD = "gnu++0x";
				CLANG_CXX_LIBRARY = "libc++";
				CLANG_ENABLE_MODULES = YES;
				CLANG_ENABLE_OBJC_ARC = YES;
				CLANG_WARN_BOOL_CONVERSION = YES;
				CLANG_WARN_CONSTANT_CONVERSION = YES;
				CLANG_WARN_DIRECT_OBJC_ISA_USAGE = YES_ERROR;
				CLANG_WARN_DOCUMENTATION_COMMENTS = YES;
				CLANG_WARN_EMPTY_BODY = YES;
				CLANG_WARN_ENUM_CONVERSION = YES;
				CLANG_WARN_INFINITE_RECURSION = YES;
				CLANG_WARN_INT_CONVERSION = YES;
				CLANG_WARN_OBJC_ROOT_CLASS = YES_ERROR;
				CLANG_WARN_SUSPICIOUS_MOVE = YES;
				CLANG_WARN_UNREACHABLE_CODE = YES;
				CLANG_WARN__DUPLICATE_METHOD_MATCH = YES;
				"CODE_SIGN_IDENTITY[sdk=iphoneos*]" = "iPhone Developer";
				COPY_PHASE_STRIP = NO;
				DEBUG_INFORMATION_FORMAT = "dwarf-with-dsym";
				ENABLE_NS_ASSERTIONS = NO;
				ENABLE_STRICT_OBJC_MSGSEND = YES;
				GCC_C_LANGUAGE_STANDARD = gnu99;
				GCC_NO_COMMON_BLOCKS = YES;
				GCC_WARN_64_TO_32_BIT_CONVERSION = YES;
				GCC_WARN_ABOUT_RETURN_TYPE = YES_ERROR;
				GCC_WARN_UNDECLARED_SELECTOR = YES;
				GCC_WARN_UNINITIALIZED_AUTOS = YES_AGGRESSIVE;
				GCC_WARN_UNUSED_FUNCTION = YES;
				GCC_WARN_UNUSED_VARIABLE = YES;
				IPHONEOS_DEPLOYMENT_TARGET = 10.3;
				MTL_ENABLE_DEBUG_INFO = NO;
				SDKROOT = iphoneos;
				SWIFT_OPTIMIZATION_LEVEL = "-Owholemodule";
				VALIDATE_PRODUCT = YES;
			};
			name = Release;
		};
		4840A4841F3D2D230078D893 /* Debug */ = {
			isa = XCBuildConfiguration;
			buildSettings = {
				ASSETCATALOG_COMPILER_APPICON_NAME = AppIcon;
				DEVELOPMENT_TEAM = "";
				INFOPLIST_FILE = Tipper/Info.plist;
				LD_RUNPATH_SEARCH_PATHS = "$(inherited) @executable_path/Frameworks";
				PRODUCT_BUNDLE_IDENTIFIER = JK.Tipper;
				PRODUCT_NAME = "$(TARGET_NAME)";
				SWIFT_VERSION = 3.0;
			};
			name = Debug;
		};
		4840A4851F3D2D230078D893 /* Release */ = {
			isa = XCBuildConfiguration;
			buildSettings = {
				ASSETCATALOG_COMPILER_APPICON_NAME = AppIcon;
				DEVELOPMENT_TEAM = "";
				INFOPLIST_FILE = Tipper/Info.plist;
				LD_RUNPATH_SEARCH_PATHS = "$(inherited) @executable_path/Frameworks";
				PRODUCT_BUNDLE_IDENTIFIER = JK.Tipper;
				PRODUCT_NAME = "$(TARGET_NAME)";
				SWIFT_VERSION = 3.0;
			};
			name = Release;
		};
		4840A4871F3D2D230078D893 /* Debug */ = {
			isa = XCBuildConfiguration;
			buildSettings = {
				ALWAYS_EMBED_SWIFT_STANDARD_LIBRARIES = YES;
				BUNDLE_LOADER = "$(TEST_HOST)";
				INFOPLIST_FILE = TipperTests/Info.plist;
				LD_RUNPATH_SEARCH_PATHS = "$(inherited) @executable_path/Frameworks @loader_path/Frameworks";
				PRODUCT_BUNDLE_IDENTIFIER = JK.TipperTests;
				PRODUCT_NAME = "$(TARGET_NAME)";
				SWIFT_VERSION = 3.0;
				TEST_HOST = "$(BUILT_PRODUCTS_DIR)/Tipper.app/Tipper";
			};
			name = Debug;
		};
		4840A4881F3D2D230078D893 /* Release */ = {
			isa = XCBuildConfiguration;
			buildSettings = {
				ALWAYS_EMBED_SWIFT_STANDARD_LIBRARIES = YES;
				BUNDLE_LOADER = "$(TEST_HOST)";
				INFOPLIST_FILE = TipperTests/Info.plist;
				LD_RUNPATH_SEARCH_PATHS = "$(inherited) @executable_path/Frameworks @loader_path/Frameworks";
				PRODUCT_BUNDLE_IDENTIFIER = JK.TipperTests;
				PRODUCT_NAME = "$(TARGET_NAME)";
				SWIFT_VERSION = 3.0;
				TEST_HOST = "$(BUILT_PRODUCTS_DIR)/Tipper.app/Tipper";
			};
			name = Release;
		};
		4840A48A1F3D2D230078D893 /* Debug */ = {
			isa = XCBuildConfiguration;
			buildSettings = {
				ALWAYS_EMBED_SWIFT_STANDARD_LIBRARIES = YES;
				INFOPLIST_FILE = TipperUITests/Info.plist;
				LD_RUNPATH_SEARCH_PATHS = "$(inherited) @executable_path/Frameworks @loader_path/Frameworks";
				PRODUCT_BUNDLE_IDENTIFIER = JK.TipperUITests;
				PRODUCT_NAME = "$(TARGET_NAME)";
				SWIFT_VERSION = 3.0;
				TEST_TARGET_NAME = Tipper;
			};
			name = Debug;
		};
		4840A48B1F3D2D230078D893 /* Release */ = {
			isa = XCBuildConfiguration;
			buildSettings = {
				ALWAYS_EMBED_SWIFT_STANDARD_LIBRARIES = YES;
				INFOPLIST_FILE = TipperUITests/Info.plist;
				LD_RUNPATH_SEARCH_PATHS = "$(inherited) @executable_path/Frameworks @loader_path/Frameworks";
				PRODUCT_BUNDLE_IDENTIFIER = JK.TipperUITests;
				PRODUCT_NAME = "$(TARGET_NAME)";
				SWIFT_VERSION = 3.0;
				TEST_TARGET_NAME = Tipper;
			};
			name = Release;
		};
/* End XCBuildConfiguration section */

/* Begin XCConfigurationList section */
		4840A4561F3D2D220078D893 /* Build configuration list for PBXProject "Tipper" */ = {
			isa = XCConfigurationList;
			buildConfigurations = (
				4840A4811F3D2D230078D893 /* Debug */,
				4840A4821F3D2D230078D893 /* Release */,
			);
			defaultConfigurationIsVisible = 0;
			defaultConfigurationName = Release;
		};
		4840A4831F3D2D230078D893 /* Build configuration list for PBXNativeTarget "Tipper" */ = {
			isa = XCConfigurationList;
			buildConfigurations = (
				4840A4841F3D2D230078D893 /* Debug */,
				4840A4851F3D2D230078D893 /* Release */,
			);
			defaultConfigurationIsVisible = 0;
		};
		4840A4861F3D2D230078D893 /* Build configuration list for PBXNativeTarget "TipperTests" */ = {
			isa = XCConfigurationList;
			buildConfigurations = (
				4840A4871F3D2D230078D893 /* Debug */,
				4840A4881F3D2D230078D893 /* Release */,
			);
			defaultConfigurationIsVisible = 0;
		};
		4840A4891F3D2D230078D893 /* Build configuration list for PBXNativeTarget "TipperUITests" */ = {
			isa = XCConfigurationList;
			buildConfigurations = (
				4840A48A1F3D2D230078D893 /* Debug */,
				4840A48B1F3D2D230078D893 /* Release */,
			);
			defaultConfigurationIsVisible = 0;
		};
/* End XCConfigurationList section */
	};
	rootObject = 4840A4531F3D2D220078D893 /* Project object */;
}
